
Microsoft Visual Studio Solution File, Format Version 12.00
# Visual Studio Version 17
VisualStudioVersion = 17.10.35027.167
MinimumVisualStudioVersion = 10.0.40219.1
Project("{FAE04EC0-301F-11D3-BF4B-00C04F79EFBC}") = "Lift.Core", "./Lift.Core/Lift.Core.csproj", "{A5265648-C0F8-47D4-8029-D9E0E80EEFAF}"
EndProject
Global
	GlobalSection(SolutionConfigurationPlatforms) = preSolution
		Debug|Any CPU = Debug|Any CPU
		Release|Any CPU = Release|Any CPU
	EndGlobalSection
	GlobalSection(ProjectConfigurationPlatforms) = postSolution
		{A5265648-C0F8-47D4-8029-D9E0E80EEFAF}.Debug|Any CPU.ActiveCfg = Debug|Any CPU
		{A5265648-C0F8-47D4-8029-D9E0E80EEFAF}.Debug|Any CPU.Build.0 = Debug|Any CPU
		{A5265648-C0F8-47D4-8029-D9E0E80EEFAF}.Release|Any CPU.ActiveCfg = Release|Any CPU
		{A5265648-C0F8-47D4-8029-D9E0E80EEFAF}.Release|Any CPU.Build.0 = Release|Any CPU
	EndGlobalSection
	GlobalSection(SolutionProperties) = preSolution
		HideSolutionNode = FALSE
	EndGlobalSection
	GlobalSection(ExtensibilityGlobals) = postSolution
		SolutionGuid = {95DF3AF4-9D02-43FE-9639-A4294EFE7E6D}
	EndGlobalSection
EndGlobal
